
Microsoft Visual Studio Solution File, Format Version 12.00
# Visual Studio Version 16
VisualStudioVersion = 16.0.28315.86
MinimumVisualStudioVersion = 10.0.40219.1
Project("{9A19103F-16F7-4668-BE54-9A1E7A4F7556}") = "FluentCommandLineParserCore", "FluentCommandLineParserCore\FluentCommandLineParserCore.csproj", "{7D6D829B-3451-48AE-88B3-10046187F475}"
EndProject
Project("{9A19103F-16F7-4668-BE54-9A1E7A4F7556}") = "CommandLineUtil.Command", "CommandLineUtil.Command\CommandLineUtil.Command.csproj", "{1F304787-703D-44C5-A3C9-2F9E7085DDCA}"
EndProject
Project("{9A19103F-16F7-4668-BE54-9A1E7A4F7556}") = "CommandLineUtil", "CommandLineUtil\CommandLineUtil.csproj", "{0FBA1955-9CF9-4DF1-83CD-81DF048EFA48}"
EndProject
Global
	GlobalSection(SolutionConfigurationPlatforms) = preSolution
		Debug|Any CPU = Debug|Any CPU
		Release|Any CPU = Release|Any CPU
	EndGlobalSection
	GlobalSection(ProjectConfigurationPlatforms) = postSolution
		{7D6D829B-3451-48AE-88B3-10046187F475}.Debug|Any CPU.ActiveCfg = Debug|Any CPU
		{7D6D829B-3451-48AE-88B3-10046187F475}.Debug|Any CPU.Build.0 = Debug|Any CPU
		{7D6D829B-3451-48AE-88B3-10046187F475}.Release|Any CPU.ActiveCfg = Release|Any CPU
		{7D6D829B-3451-48AE-88B3-10046187F475}.Release|Any CPU.Build.0 = Release|Any CPU
		{1F304787-703D-44C5-A3C9-2F9E7085DDCA}.Debug|Any CPU.ActiveCfg = Debug|Any CPU
		{1F304787-703D-44C5-A3C9-2F9E7085DDCA}.Debug|Any CPU.Build.0 = Debug|Any CPU
		{1F304787-703D-44C5-A3C9-2F9E7085DDCA}.Release|Any CPU.ActiveCfg = Release|Any CPU
		{1F304787-703D-44C5-A3C9-2F9E7085DDCA}.Release|Any CPU.Build.0 = Release|Any CPU
		{0FBA1955-9CF9-4DF1-83CD-81DF048EFA48}.Debug|Any CPU.ActiveCfg = Debug|Any CPU
		{0FBA1955-9CF9-4DF1-83CD-81DF048EFA48}.Debug|Any CPU.Build.0 = Debug|Any CPU
		{0FBA1955-9CF9-4DF1-83CD-81DF048EFA48}.Release|Any CPU.ActiveCfg = Release|Any CPU
		{0FBA1955-9CF9-4DF1-83CD-81DF048EFA48}.Release|Any CPU.Build.0 = Release|Any CPU
	EndGlobalSection
	GlobalSection(SolutionProperties) = preSolution
		HideSolutionNode = FALSE
	EndGlobalSection
	GlobalSection(ExtensibilityGlobals) = postSolution
		SolutionGuid = {0C946267-FE1E-48F6-925C-73330802AF72}
	EndGlobalSection
EndGlobal
